
Microsoft Visual Studio Solution File, Format Version 12.00
# Visual Studio Version 17
VisualStudioVersion = 17.3.32929.385
MinimumVisualStudioVersion = 10.0.40219.1
Project("{FAE04EC0-301F-11D3-BF4B-00C04F79EFBC}") = "classe2", "classe2.csproj", "{411C9DED-92A1-4F33-971F-DFF16D107785}"
EndProject
Global
	GlobalSection(SolutionConfigurationPlatforms) = preSolution
		Debug|Any CPU = Debug|Any CPU
		Release|Any CPU = Release|Any CPU
	EndGlobalSection
	GlobalSection(ProjectConfigurationPlatforms) = postSolution
		{411C9DED-92A1-4F33-971F-DFF16D107785}.Debug|Any CPU.ActiveCfg = Debug|Any CPU
		{411C9DED-92A1-4F33-971F-DFF16D107785}.Debug|Any CPU.Build.0 = Debug|Any CPU
		{411C9DED-92A1-4F33-971F-DFF16D107785}.Release|Any CPU.ActiveCfg = Release|Any CPU
		{411C9DED-92A1-4F33-971F-DFF16D107785}.Release|Any CPU.Build.0 = Release|Any CPU
	EndGlobalSection
	GlobalSection(SolutionProperties) = preSolution
		HideSolutionNode = FALSE
	EndGlobalSection
	GlobalSection(ExtensibilityGlobals) = postSolution
		SolutionGuid = {D77CAA52-481F-44B9-8F2A-9EE03B05E469}
	EndGlobalSection
EndGlobal
